
Microsoft Visual Studio Solution File, Format Version 12.00
# Visual Studio Version 17
VisualStudioVersion = 17.5.33516.290
MinimumVisualStudioVersion = 10.0.40219.1
Project("{9A19103F-16F7-4668-BE54-9A1E7A4F7556}") = "StarkovTestApp", "StarkovTestApp\StarkovTestApp.csproj", "{1F5E2416-1717-4548-8446-9C56D47E5C31}"
EndProject
Project("{2150E333-8FDC-42A3-9474-1A3956D46DE8}") = "Элементы решения", "Элементы решения", "{06867BFB-00DC-43C7-8639-9B8E075B2B1B}"
EndProject
Global
	GlobalSection(SolutionConfigurationPlatforms) = preSolution
		Debug|Any CPU = Debug|Any CPU
		Release|Any CPU = Release|Any CPU
	EndGlobalSection
	GlobalSection(ProjectConfigurationPlatforms) = postSolution
		{1F5E2416-1717-4548-8446-9C56D47E5C31}.Debug|Any CPU.ActiveCfg = Debug|Any CPU
		{1F5E2416-1717-4548-8446-9C56D47E5C31}.Debug|Any CPU.Build.0 = Debug|Any CPU
		{1F5E2416-1717-4548-8446-9C56D47E5C31}.Release|Any CPU.ActiveCfg = Release|Any CPU
		{1F5E2416-1717-4548-8446-9C56D47E5C31}.Release|Any CPU.Build.0 = Release|Any CPU
	EndGlobalSection
	GlobalSection(SolutionProperties) = preSolution
		HideSolutionNode = FALSE
	EndGlobalSection
	GlobalSection(ExtensibilityGlobals) = postSolution
		SolutionGuid = {3E417598-B998-4ECA-9DA8-FB12CA9B1917}
	EndGlobalSection
EndGlobal
